PODS:
  - Kiwi/ARC (2.2.4)
  - Kiwi/NonARC (2.2.4)
  - Kiwi/XCTest (2.2.4):
    - Kiwi/ARC
    - Kiwi/NonARC

DEPENDENCIES:
  - Kiwi/XCTest

SPEC REPOS:
  https://github.com/CocoaPods/Specs.git:
    - Kiwi

SPEC CHECKSUMS:
  Kiwi: c58165bd21aba5c7541adec5ab55a238832808b9

PODFILE CHECKSUM: 3fec0b6581bf359c132f3849a4e6d096f20d6299

COCOAPODS: 1.11.3
